{
  "name": "openrtb-typings",
  "version": "0.0.0",
  "lockfileVersion": 3,
  "requires": true,
  "packages": {
    "": {
      "name": "openrtb-typings",
      "version": "0.0.0",
      "license": "ISC",
      "workspaces": [
        "packages/*"
      ],
      "devDependencies": {
        "@types/node": "^22.9.0",
        "typescript": "^5.6.3"
      }
    },
    "node_modules/.pnpm/@openrtb-typings+iab-category@0.1.1/node_modules/@openrtb-typings/iab-category": {
      "version": "0.1.1",
      "extraneous": true,
      "license": "MIT"
    },
    "node_modules/.pnpm/@types+node@22.5.1": {
      "extraneous": true
    },
    "node_modules/.pnpm/typescript@5.5.4": {
      "extraneous": true
    },
    "node_modules/.pnpm/undici-types@6.19.8/node_modules/undici-types": {
      "version": "6.19.8",
      "extraneous": true,
      "license": "MIT"
    },
    "node_modules/@openrtb-typings/iab-category": {
      "resolved": "packages/iab-category",
      "link": true
    },
    "node_modules/@openrtb-typings/v2.5": {
      "resolved": "packages/v2.5",
      "link": true
    },
    "node_modules/@openrtb-typings/v2.6": {
      "resolved": "packages/v2.6",
      "link": true
    },
    "node_modules/@types/node": {
      "version": "22.9.0",
      "resolved": "https://registry.npmjs.org/@types/node/-/node-22.9.0.tgz",
      "integrity": "sha512-vuyHg81vvWA1Z1ELfvLko2c8f34gyA0zaic0+Rllc5lbCnbSyuvb2Oxpm6TAUAC/2xZN3QGqxBNggD1nNR2AfQ==",
      "dev": true,
      "license": "MIT",
      "dependencies": {
        "undici-types": "~6.19.8"
      }
    },
    "node_modules/typescript": {
      "version": "5.6.3",
      "resolved": "https://registry.npmjs.org/typescript/-/typescript-5.6.3.tgz",
      "integrity": "sha512-hjcS1mhfuyi4WW8IWtjP7brDrG2cuDZukyrYrSauoXGNgx0S7zceP07adYkJycEr56BOUTNPzbInooiN3fn1qw==",
      "dev": true,
      "license": "Apache-2.0",
      "bin": {
        "tsc": "bin/tsc",
        "tsserver": "bin/tsserver"
      },
      "engines": {
        "node": ">=14.17"
      }
    },
    "node_modules/undici-types": {
      "version": "6.19.8",
      "dev": true,
      "license": "MIT"
    },
    "packages/iab-category": {
      "name": "@openrtb-typings/iab-category",
      "version": "0.2.0",
      "deprecated": "Please use @hogekai/types-iab-adcom and @hogekai/types-iab-openrtb instead",
      "license": "MIT"
    },
    "packages/v2.5": {
      "name": "@openrtb-typings/v2.5",
      "version": "0.2.0",
      "deprecated": "Please use @hogekai/types-iab-adcom and @hogekai/types-iab-openrtb instead",
      "license": "MIT",
      "dependencies": {
        "@openrtb-typings/iab-category": "^0.1.2"
      }
    },
    "packages/v2.5/node_modules/@openrtb-typings/iab-category": {
      "version": "0.1.2",
      "resolved": "https://registry.npmjs.org/@openrtb-typings/iab-category/-/iab-category-0.1.2.tgz",
      "integrity": "sha512-/PFGBl/qGc5rP8vwM86gxBjkUvrgsEvzZfIAlzSxEceU1ObHq6LrzklWxPhJvzGTdoWwS+TRDWloHysr0A6z/w==",
      "license": "MIT"
    },
    "packages/v2.6": {
      "name": "@openrtb-typings/v2.6",
      "version": "0.2.0",
      "deprecated": "Please use @hogekai/types-iab-adcom and @hogekai/types-iab-openrtb instead",
      "license": "MIT",
      "dependencies": {
        "@openrtb-typings/iab-category": "^0.1.2"
      }
    },
    "packages/v2.6/node_modules/@openrtb-typings/iab-category": {
      "version": "0.1.2",
      "resolved": "https://registry.npmjs.org/@openrtb-typings/iab-category/-/iab-category-0.1.2.tgz",
      "integrity": "sha512-/PFGBl/qGc5rP8vwM86gxBjkUvrgsEvzZfIAlzSxEceU1ObHq6LrzklWxPhJvzGTdoWwS+TRDWloHysr0A6z/w==",
      "license": "MIT"
    }
  }
}
