{
  "name": "openrtb-typings",
  "version": "0.0.0",
  "lockfileVersion": 3,
  "requires": true,
  "packages": {
    "": {
      "name": "openrtb-typings",
      "version": "0.0.0",
      "license": "ISC",
      "workspaces": [
        "packages/*"
      ],
      "devDependencies": {
        "@types/node": "^22.5.1",
        "typescript": "^5.5.4"
      }
    },
    "node_modules/.pnpm/@openrtb-typings+iab-category@0.1.1/node_modules/@openrtb-typings/iab-category": {
      "version": "0.1.1",
      "license": "MIT"
    },
    "node_modules/.pnpm/@types+node@22.5.1": {
      "extraneous": true
    },
    "node_modules/.pnpm/typescript@5.5.4": {
      "dev": true
    },
    "node_modules/.pnpm/typescript@5.5.4/node_modules/typescript": {
      "version": "5.5.4",
      "dev": true,
      "license": "Apache-2.0",
      "bin": {
        "tsc": "bin/tsc",
        "tsserver": "bin/tsserver"
      },
      "engines": {
        "node": ">=14.17"
      }
    },
    "node_modules/.pnpm/undici-types@6.19.8/node_modules/undici-types": {
      "version": "6.19.8",
      "extraneous": true,
      "license": "MIT"
    },
    "node_modules/@openrtb-typings/iab-category": {
      "resolved": "packages/iab-category",
      "link": true
    },
    "node_modules/@openrtb-typings/v2.5": {
      "resolved": "packages/v2.5",
      "link": true
    },
    "node_modules/@openrtb-typings/v2.6": {
      "resolved": "packages/v2.6",
      "link": true
    },
    "node_modules/@types/node": {
      "version": "22.5.2",
      "resolved": "https://registry.npmjs.org/@types/node/-/node-22.5.2.tgz",
      "integrity": "sha512-acJsPTEqYqulZS/Yp/S3GgeE6GZ0qYODUR8aVr/DkhHQ8l9nd4j5x1/ZJy9/gHrRlFMqkO6i0I3E27Alu4jjPg==",
      "dev": true,
      "license": "MIT",
      "dependencies": {
        "undici-types": "~6.19.2"
      }
    },
    "node_modules/typescript": {
      "resolved": "node_modules/.pnpm/typescript@5.5.4/node_modules/typescript",
      "link": true
    },
    "node_modules/undici-types": {
      "version": "6.19.8",
      "dev": true,
      "license": "MIT"
    },
    "packages/iab-category": {
      "name": "@openrtb-typings/iab-category",
      "version": "0.1.1",
      "license": "MIT"
    },
    "packages/v2.5": {
      "name": "@openrtb-typings/v2.5",
      "version": "0.1.1",
      "license": "MIT",
      "dependencies": {
        "@openrtb-typings/iab-category": "^0.1.1"
      }
    },
    "packages/v2.5/node_modules/@openrtb-typings/iab-category": {
      "resolved": "node_modules/.pnpm/@openrtb-typings+iab-category@0.1.1/node_modules/@openrtb-typings/iab-category",
      "link": true
    },
    "packages/v2.6": {
      "name": "@openrtb-typings/v2.6",
      "version": "0.1.3",
      "license": "MIT",
      "dependencies": {
        "@openrtb-typings/iab-category": "^0.1.1"
      }
    },
    "packages/v2.6/node_modules/@openrtb-typings/iab-category": {
      "resolved": "node_modules/.pnpm/@openrtb-typings+iab-category@0.1.1/node_modules/@openrtb-typings/iab-category",
      "link": true
    }
  }
}
