lockfileVersion: '9.0'

settings:
  autoInstallPeers: true
  excludeLinksFromLockfile: false

importers:

  .:
    devDependencies:
      '@types/node':
        specifier: ^22.5.1
        version: 22.5.5
      typescript:
        specifier: ^5.5.4
        version: 5.6.2

  packages/iab-category: {}

  packages/v2.5:
    dependencies:
      '@openrtb-typings/iab-category':
        specifier: ^0.1.2
        version: 0.1.2

  packages/v2.6:
    dependencies:
      '@openrtb-typings/iab-category':
        specifier: ^0.1.2
        version: 0.1.2

packages:

  '@openrtb-typings/iab-category@0.1.2':
    resolution: {integrity: sha512-/PFGBl/qGc5rP8vwM86gxBjkUvrgsEvzZfIAlzSxEceU1ObHq6LrzklWxPhJvzGTdoWwS+TRDWloHysr0A6z/w==}

  '@types/node@22.5.5':
    resolution: {integrity: sha512-Xjs4y5UPO/CLdzpgR6GirZJx36yScjh73+2NlLlkFRSoQN8B0DpfXPdZGnvVmLRLOsqDpOfTNv7D9trgGhmOIA==}

  typescript@5.6.2:
    resolution: {integrity: sha512-NW8ByodCSNCwZeghjN3o+JX5OFH0Ojg6sadjEKY4huZ52TqbJTJnDo5+Tw98lSy63NZvi4n+ez5m2u5d4PkZyw==}
    engines: {node: '>=14.17'}
    hasBin: true

  undici-types@6.19.8:
    resolution: {integrity: sha512-ve2KP6f/JnbPBFyobGHuerC9g1FYGn/F8n1LWTwNxCEzd6IfqTwUQcNXgEtmmQ6DlRrC1hrSrBnCZPokRrDHjw==}

snapshots:

  '@openrtb-typings/iab-category@0.1.2': {}

  '@types/node@22.5.5':
    dependencies:
      undici-types: 6.19.8

  typescript@5.6.2: {}

  undici-types@6.19.8: {}
